# This file is automatically @generated by Cargo.
# It is not intended for manual editing.
version = 3

[[package]]
name = "anyhow"
version = "1.0.45"
source = "registry+https://github.com/rust-lang/crates.io-index"
checksum = "ee10e43ae4a853c0a3591d4e2ada1719e553be18199d9da9d4a83f5927c2f5c7"

[[package]]
name = "leb128"
version = "0.2.5"
source = "registry+https://github.com/rust-lang/crates.io-index"
checksum = "884e2677b40cc8c339eaefcb701c32ef1fd2493d71118dc0ca4b6a736c93bd67"

[[package]]
name = "pico-args"
version = "0.4.2"
source = "registry+https://github.com/rust-lang/crates.io-index"
checksum = "db8bcd96cb740d03149cbad5518db9fd87126a10ab519c011893b1754134c468"

[[package]]
name = "uw8-tool"
version = "0.1.0"
dependencies = [
 "anyhow",
 "pico-args",
 "wasm-encoder",
 "wasmparser",
]

[[package]]
name = "wasm-encoder"
version = "0.8.0"
source = "registry+https://github.com/rust-lang/crates.io-index"
checksum = "db0c351632e46cc06a58a696a6c11e4cf90cad4b9f8f07a0b59128d616c29bb0"
dependencies = [
 "leb128",
]

[[package]]
name = "wasmparser"
version = "0.81.0"
source = "registry+https://github.com/rust-lang/crates.io-index"
checksum = "98930446519f63d00a836efdc22f67766ceae8dbcc1571379f2bcabc6b2b9abc"
